# @generated - this file is auto-generated by `mise lock` https://mise.jdx.dev/dev-tools/mise-lock.html

lockfile_version = 2

[[tools."aqua:yarnpkg/berry"]]
version = "4.4.1"
backend = "aqua:yarnpkg/berry"
specifiers = ["4.4.1"]

[tools."aqua:yarnpkg/berry"."platforms.linux-arm64"]
url = "https://repo.yarnpkg.com/4.4.1/packages/yarnpkg-cli/bin/yarn.js"

[tools."aqua:yarnpkg/berry"."platforms.linux-arm64-musl"]
url = "https://repo.yarnpkg.com/4.4.1/packages/yarnpkg-cli/bin/yarn.js"

[tools."aqua:yarnpkg/berry"."platforms.linux-x64"]
url = "https://repo.yarnpkg.com/4.4.1/packages/yarnpkg-cli/bin/yarn.js"

[tools."aqua:yarnpkg/berry"."platforms.linux-x64-musl"]
url = "https://repo.yarnpkg.com/4.4.1/packages/yarnpkg-cli/bin/yarn.js"

[tools."aqua:yarnpkg/berry"."platforms.macos-arm64"]
url = "https://repo.yarnpkg.com/4.4.1/packages/yarnpkg-cli/bin/yarn.js"

[tools."aqua:yarnpkg/berry"."platforms.macos-x64"]
url = "https://repo.yarnpkg.com/4.4.1/packages/yarnpkg-cli/bin/yarn.js"

[tools."aqua:yarnpkg/berry"."platforms.windows-x64"]
url = "https://repo.yarnpkg.com/4.4.1/packages/yarnpkg-cli/bin/yarn.js"

[[tools.node]]
version = "20.19.6"
backend = "core:node"
specifiers = ["20.19.6"]

[tools.node."platforms.linux-arm64"]
checksum = "sha256:a332bb8b108d7aab2f2e2736293e4ab41638cf6f3b3f49a756b8f63469024fa5"
url = "https://nodejs.org/dist/v20.19.6/node-v20.19.6-linux-arm64.tar.gz"

[tools.node."platforms.linux-arm64-musl"]
checksum = "sha256:f72ccde62e6fda0090d79097ca660c1266a6354b22f628b3a95d395f0d86a2b1"
url = "https://nodejs.org/dist/v20.19.6/node-v20.19.6.tar.gz"
install = "source"

[tools.node."platforms.linux-x64"]
checksum = "sha256:24344f9f03e3b388a901f8fb5d98e627e6cf74ce44aaf5a0fd6c4b39e4f2adc8"
url = "https://nodejs.org/dist/v20.19.6/node-v20.19.6-linux-x64.tar.gz"

[tools.node."platforms.linux-x64-musl"]
checksum = "sha256:7e4b19f1f8a0ad09c94ddde2dd17f101b204ba99a8f48fd424274e69d1c17fe5"
url = "https://unofficial-builds.nodejs.org/download/release/v20.19.6/node-v20.19.6-linux-x64-musl.tar.gz"

[tools.node."platforms.macos-arm64"]
checksum = "sha256:53dc59c40870460d5f72b279d06ef2c0ae70cdc154317003f853545f2f4e7747"
url = "https://nodejs.org/dist/v20.19.6/node-v20.19.6-darwin-arm64.tar.gz"

[tools.node."platforms.macos-x64"]
checksum = "sha256:3f8c96205b22374d8dc54531586f164afe546e722aa8f9c813f17dcf30fb978b"
url = "https://nodejs.org/dist/v20.19.6/node-v20.19.6-darwin-x64.tar.gz"

[tools.node."platforms.windows-x64"]
checksum = "sha256:650f9a0b46871f25f6efeb17d9ea5e8e58cf0cfd86c8e8676db6569a7bb34a34"
url = "https://nodejs.org/dist/v20.19.6/node-v20.19.6-win-x64.zip"
